
Microsoft Visual Studio Solution File, Format Version 12.00
# Visual Studio 14
VisualStudioVersion = 14.0.25420.1
MinimumVisualStudioVersion = 10.0.40219.1
Project("{FAE04EC0-301F-11D3-BF4B-00C04F79EFBC}") = "WTS.WebUI", "WTS.WebUI\WTS.WebUI.csproj", "{515E494F-4C4A-4EDB-AC6B-65573920A278}"
EndProject
Project("{2150E333-8FDC-42A3-9474-1A3956D46DE8}") = "UI", "UI", "{C03484DA-E380-4FB5-A4EC-A922EC2F66A4}"
EndProject
Project("{2150E333-8FDC-42A3-9474-1A3956D46DE8}") = "BussinessLayer", "BussinessLayer", "{DACA9FC7-A830-4BE5-B168-A98463C2ADCE}"
EndProject
Project("{2150E333-8FDC-42A3-9474-1A3956D46DE8}") = "DataLayer", "DataLayer", "{CF499495-315B-4942-B70B-2F1E792929FF}"
EndProject
Project("{2150E333-8FDC-42A3-9474-1A3956D46DE8}") = "UtilityLayer", "UtilityLayer", "{808912E0-EE89-4DAD-A8C2-AB9AA11DE6C0}"
EndProject
Project("{2150E333-8FDC-42A3-9474-1A3956D46DE8}") = "ServiceLayer", "ServiceLayer", "{12CF7925-D378-48C4-8B51-08C9E463C8AD}"
EndProject
Project("{FAE04EC0-301F-11D3-BF4B-00C04F79EFBC}") = "WTS.ServiceContracts", "WTS.ServiceContracts\WTS.ServiceContracts.csproj", "{26FB32AD-0F62-463E-AB13-055E51870C43}"
EndProject
Project("{FAE04EC0-301F-11D3-BF4B-00C04F79EFBC}") = "WTS.ServiceImplementation", "WTS.ServiceImplementation\WTS.ServiceImplementation.csproj", "{EBD5B5C4-57FD-47B8-B53B-F363C5E2DD93}"
EndProject
Project("{FAE04EC0-301F-11D3-BF4B-00C04F79EFBC}") = "WTS.DataContracts", "WTS.DataContracts\WTS.DataContracts.csproj", "{6798DF2A-D179-47FB-98DE-0B65C49430CA}"
EndProject
Project("{FAE04EC0-301F-11D3-BF4B-00C04F79EFBC}") = "WTS.BussinessLogic", "BussinessLogic\WTS.BussinessLogic.csproj", "{E48B5641-F077-49E3-848B-1785D282D0A0}"
EndProject
Project("{FAE04EC0-301F-11D3-BF4B-00C04F79EFBC}") = "WTS.DataAccess", "WTS.DataAccess\WTS.DataAccess.csproj", "{3ADAAE01-B6A1-4580-82D1-56C78324AEBD}"
EndProject
Global
	GlobalSection(SolutionConfigurationPlatforms) = preSolution
		Debug|Any CPU = Debug|Any CPU
		Release|Any CPU = Release|Any CPU
	EndGlobalSection
	GlobalSection(ProjectConfigurationPlatforms) = postSolution
		{515E494F-4C4A-4EDB-AC6B-65573920A278}.Debug|Any CPU.ActiveCfg = Debug|Any CPU
		{515E494F-4C4A-4EDB-AC6B-65573920A278}.Debug|Any CPU.Build.0 = Debug|Any CPU
		{515E494F-4C4A-4EDB-AC6B-65573920A278}.Release|Any CPU.ActiveCfg = Release|Any CPU
		{515E494F-4C4A-4EDB-AC6B-65573920A278}.Release|Any CPU.Build.0 = Release|Any CPU
		{26FB32AD-0F62-463E-AB13-055E51870C43}.Debug|Any CPU.ActiveCfg = Debug|Any CPU
		{26FB32AD-0F62-463E-AB13-055E51870C43}.Debug|Any CPU.Build.0 = Debug|Any CPU
		{26FB32AD-0F62-463E-AB13-055E51870C43}.Release|Any CPU.ActiveCfg = Release|Any CPU
		{26FB32AD-0F62-463E-AB13-055E51870C43}.Release|Any CPU.Build.0 = Release|Any CPU
		{EBD5B5C4-57FD-47B8-B53B-F363C5E2DD93}.Debug|Any CPU.ActiveCfg = Debug|Any CPU
		{EBD5B5C4-57FD-47B8-B53B-F363C5E2DD93}.Debug|Any CPU.Build.0 = Debug|Any CPU
		{EBD5B5C4-57FD-47B8-B53B-F363C5E2DD93}.Release|Any CPU.ActiveCfg = Release|Any CPU
		{EBD5B5C4-57FD-47B8-B53B-F363C5E2DD93}.Release|Any CPU.Build.0 = Release|Any CPU
		{6798DF2A-D179-47FB-98DE-0B65C49430CA}.Debug|Any CPU.ActiveCfg = Debug|Any CPU
		{6798DF2A-D179-47FB-98DE-0B65C49430CA}.Debug|Any CPU.Build.0 = Debug|Any CPU
		{6798DF2A-D179-47FB-98DE-0B65C49430CA}.Release|Any CPU.ActiveCfg = Release|Any CPU
		{6798DF2A-D179-47FB-98DE-0B65C49430CA}.Release|Any CPU.Build.0 = Release|Any CPU
		{E48B5641-F077-49E3-848B-1785D282D0A0}.Debug|Any CPU.ActiveCfg = Debug|Any CPU
		{E48B5641-F077-49E3-848B-1785D282D0A0}.Debug|Any CPU.Build.0 = Debug|Any CPU
		{E48B5641-F077-49E3-848B-1785D282D0A0}.Release|Any CPU.ActiveCfg = Release|Any CPU
		{E48B5641-F077-49E3-848B-1785D282D0A0}.Release|Any CPU.Build.0 = Release|Any CPU
		{3ADAAE01-B6A1-4580-82D1-56C78324AEBD}.Debug|Any CPU.ActiveCfg = Debug|Any CPU
		{3ADAAE01-B6A1-4580-82D1-56C78324AEBD}.Debug|Any CPU.Build.0 = Debug|Any CPU
		{3ADAAE01-B6A1-4580-82D1-56C78324AEBD}.Release|Any CPU.ActiveCfg = Release|Any CPU
		{3ADAAE01-B6A1-4580-82D1-56C78324AEBD}.Release|Any CPU.Build.0 = Release|Any CPU
	EndGlobalSection
	GlobalSection(SolutionProperties) = preSolution
		HideSolutionNode = FALSE
	EndGlobalSection
	GlobalSection(NestedProjects) = preSolution
		{515E494F-4C4A-4EDB-AC6B-65573920A278} = {C03484DA-E380-4FB5-A4EC-A922EC2F66A4}
		{26FB32AD-0F62-463E-AB13-055E51870C43} = {12CF7925-D378-48C4-8B51-08C9E463C8AD}
		{EBD5B5C4-57FD-47B8-B53B-F363C5E2DD93} = {12CF7925-D378-48C4-8B51-08C9E463C8AD}
		{6798DF2A-D179-47FB-98DE-0B65C49430CA} = {CF499495-315B-4942-B70B-2F1E792929FF}
		{E48B5641-F077-49E3-848B-1785D282D0A0} = {DACA9FC7-A830-4BE5-B168-A98463C2ADCE}
		{3ADAAE01-B6A1-4580-82D1-56C78324AEBD} = {CF499495-315B-4942-B70B-2F1E792929FF}
	EndGlobalSection
EndGlobal
